// !$*UTF8*$!
{
	archiveVersion = 1;
	classes = {
	};
	objectVersion = 56;
	objects = {

/* Begin PBXBuildFile section */
		E544794F2B9D936E0066E855 /* MotivTagsView.swift in Sources */ = {isa = PBXBuildFile; fileRef = E544794E2B9D936E0066E855 /* MotivTagsView.swift */; };
		E54479522B9DE58C0066E855 /* ProfileView.swift in Sources */ = {isa = PBXBuildFile; fileRef = E54479512B9DE58C0066E855 /* ProfileView.swift */; };
		E563D54E2B8DCFCA0029A472 /* MotivApp.swift in Sources */ = {isa = PBXBuildFile; fileRef = E563D54D2B8DCFCA0029A472 /* MotivApp.swift */; };
		E563D5502B8DCFCA0029A472 /* ExploreView.swift in Sources */ = {isa = PBXBuildFile; fileRef = E563D54F2B8DCFCA0029A472 /* ExploreView.swift */; };
		E563D5522B8DCFCB0029A472 /* Assets.xcassets in Resources */ = {isa = PBXBuildFile; fileRef = E563D5512B8DCFCB0029A472 /* Assets.xcassets */; };
		E563D5552B8DCFCB0029A472 /* Preview Assets.xcassets in Resources */ = {isa = PBXBuildFile; fileRef = E563D5542B8DCFCB0029A472 /* Preview Assets.xcassets */; };
		E563D5622B8DF0EC0029A472 /* ExploreCardView.swift in Sources */ = {isa = PBXBuildFile; fileRef = E563D5612B8DF0EC0029A472 /* ExploreCardView.swift */; };
		E5EBBF0F2B9CB0DA0031AA10 /* Image+.swift in Sources */ = {isa = PBXBuildFile; fileRef = E5EBBF0E2B9CB0DA0031AA10 /* Image+.swift */; };
		E5EBBF112B9CC2600031AA10 /* QuoteTag.swift in Sources */ = {isa = PBXBuildFile; fileRef = E5EBBF102B9CC2600031AA10 /* QuoteTag.swift */; };
/* End PBXBuildFile section */

/* Begin PBXFileReference section */
		E544794E2B9D936E0066E855 /* MotivTagsView.swift */ = {isa = PBXFileReference; lastKnownFileType = sourcecode.swift; path = MotivTagsView.swift; sourceTree = "<group>"; };
		E54479512B9DE58C0066E855 /* ProfileView.swift */ = {isa = PBXFileReference; lastKnownFileType = sourcecode.swift; path = ProfileView.swift; sourceTree = "<group>"; };
		E563D54A2B8DCFCA0029A472 /* Motiv.app */ = {isa = PBXFileReference; explicitFileType = wrapper.application; includeInIndex = 0; path = Motiv.app; sourceTree = BUILT_PRODUCTS_DIR; };
		E563D54D2B8DCFCA0029A472 /* MotivApp.swift */ = {isa = PBXFileReference; lastKnownFileType = sourcecode.swift; path = MotivApp.swift; sourceTree = "<group>"; };
		E563D54F2B8DCFCA0029A472 /* ExploreView.swift */ = {isa = PBXFileReference; lastKnownFileType = sourcecode.swift; path = ExploreView.swift; sourceTree = "<group>"; };
		E563D5512B8DCFCB0029A472 /* Assets.xcassets */ = {isa = PBXFileReference; lastKnownFileType = folder.assetcatalog; path = Assets.xcassets; sourceTree = "<group>"; };
		E563D5542B8DCFCB0029A472 /* Preview Assets.xcassets */ = {isa = PBXFileReference; lastKnownFileType = folder.assetcatalog; path = "Preview Assets.xcassets"; sourceTree = "<group>"; };
		E563D5612B8DF0EC0029A472 /* ExploreCardView.swift */ = {isa = PBXFileReference; lastKnownFileType = sourcecode.swift; path = ExploreCardView.swift; sourceTree = "<group>"; };
		E5EBBF0E2B9CB0DA0031AA10 /* Image+.swift */ = {isa = PBXFileReference; lastKnownFileType = sourcecode.swift; path = "Image+.swift"; sourceTree = "<group>"; };
		E5EBBF102B9CC2600031AA10 /* QuoteTag.swift */ = {isa = PBXFileReference; lastKnownFileType = sourcecode.swift; path = QuoteTag.swift; sourceTree = "<group>"; };
/* End PBXFileReference section */

/* Begin PBXFrameworksBuildPhase section */
		E563D5472B8DCFCA0029A472 /* Frameworks */ = {
			isa = PBXFrameworksBuildPhase;
			buildActionMask = 2147483647;
			files = (
			);
			runOnlyForDeploymentPostprocessing = 0;
		};
/* End PBXFrameworksBuildPhase section */

/* Begin PBXGroup section */
		E54479502B9DB5080066E855 /* Views */ = {
			isa = PBXGroup;
			children = (
				E563D54D2B8DCFCA0029A472 /* MotivApp.swift */,
				E544794E2B9D936E0066E855 /* MotivTagsView.swift */,
				E563D54F2B8DCFCA0029A472 /* ExploreView.swift */,
				E563D5612B8DF0EC0029A472 /* ExploreCardView.swift */,
				E54479512B9DE58C0066E855 /* ProfileView.swift */,
			);
			path = Views;
			sourceTree = "<group>";
		};
		E563D5412B8DCFCA0029A472 = {
			isa = PBXGroup;
			children = (
				E563D54C2B8DCFCA0029A472 /* Motiv */,
				E563D54B2B8DCFCA0029A472 /* Products */,
			);
			sourceTree = "<group>";
		};
		E563D54B2B8DCFCA0029A472 /* Products */ = {
			isa = PBXGroup;
			children = (
				E563D54A2B8DCFCA0029A472 /* Motiv.app */,
			);
			name = Products;
			sourceTree = "<group>";
		};
		E563D54C2B8DCFCA0029A472 /* Motiv */ = {
			isa = PBXGroup;
			children = (
				E5EBBF0D2B9CB0D10031AA10 /* Resources */,
				E5EBBF122B9CC2690031AA10 /* Models */,
				E54479502B9DB5080066E855 /* Views */,
				E563D5512B8DCFCB0029A472 /* Assets.xcassets */,
				E563D5532B8DCFCB0029A472 /* Preview Content */,
			);
			path = Motiv;
			sourceTree = "<group>";
		};
		E563D5532B8DCFCB0029A472 /* Preview Content */ = {
			isa = PBXGroup;
			children = (
				E563D5542B8DCFCB0029A472 /* Preview Assets.xcassets */,
			);
			path = "Preview Content";
			sourceTree = "<group>";
		};
		E5EBBF0D2B9CB0D10031AA10 /* Resources */ = {
			isa = PBXGroup;
			children = (
				E5EBBF0E2B9CB0DA0031AA10 /* Image+.swift */,
			);
			path = Resources;
			sourceTree = "<group>";
		};
		E5EBBF122B9CC2690031AA10 /* Models */ = {
			isa = PBXGroup;
			children = (
				E5EBBF102B9CC2600031AA10 /* QuoteTag.swift */,
			);
			path = Models;
			sourceTree = "<group>";
		};
/* End PBXGroup section */

/* Begin PBXNativeTarget section */
		E563D5492B8DCFCA0029A472 /* Motiv */ = {
			isa = PBXNativeTarget;
			buildConfigurationList = E563D5582B8DCFCB0029A472 /* Build configuration list for PBXNativeTarget "Motiv" */;
			buildPhases = (
				E563D5462B8DCFCA0029A472 /* Sources */,
				E563D5472B8DCFCA0029A472 /* Frameworks */,
				E563D5482B8DCFCA0029A472 /* Resources */,
			);
			buildRules = (
			);
			dependencies = (
			);
			name = Motiv;
			productName = Motiv;
			productReference = E563D54A2B8DCFCA0029A472 /* Motiv.app */;
			productType = "com.apple.product-type.application";
		};
/* End PBXNativeTarget section */

/* Begin PBXProject section */
		E563D5422B8DCFCA0029A472 /* Project object */ = {
			isa = PBXProject;
			attributes = {
				BuildIndependentTargetsInParallel = 1;
				LastSwiftUpdateCheck = 1520;
				LastUpgradeCheck = 1520;
				TargetAttributes = {
					E563D5492B8DCFCA0029A472 = {
						CreatedOnToolsVersion = 15.2;
					};
				};
			};
			buildConfigurationList = E563D5452B8DCFCA0029A472 /* Build configuration list for PBXProject "Motiv" */;
			compatibilityVersion = "Xcode 14.0";
			developmentRegion = en;
			hasScannedForEncodings = 0;
			knownRegions = (
				en,
				Base,
			);
			mainGroup = E563D5412B8DCFCA0029A472;
			productRefGroup = E563D54B2B8DCFCA0029A472 /* Products */;
			projectDirPath = "";
			projectRoot = "";
			targets = (
				E563D5492B8DCFCA0029A472 /* Motiv */,
			);
		};
/* End PBXProject section */

/* Begin PBXResourcesBuildPhase section */
		E563D5482B8DCFCA0029A472 /* Resources */ = {
			isa = PBXResourcesBuildPhase;
			buildActionMask = 2147483647;
			files = (
				E563D5552B8DCFCB0029A472 /* Preview Assets.xcassets in Resources */,
				E563D5522B8DCFCB0029A472 /* Assets.xcassets in Resources */,
			);
			runOnlyForDeploymentPostprocessing = 0;
		};
/* End PBXResourcesBuildPhase section */

/* Begin PBXSourcesBuildPhase section */
		E563D5462B8DCFCA0029A472 /* Sources */ = {
			isa = PBXSourcesBuildPhase;
			buildActionMask = 2147483647;
			files = (
				E563D5502B8DCFCA0029A472 /* ExploreView.swift in Sources */,
				E5EBBF112B9CC2600031AA10 /* QuoteTag.swift in Sources */,
				E563D5622B8DF0EC0029A472 /* ExploreCardView.swift in Sources */,
				E54479522B9DE58C0066E855 /* ProfileView.swift in Sources */,
				E5EBBF0F2B9CB0DA0031AA10 /* Image+.swift in Sources */,
				E544794F2B9D936E0066E855 /* MotivTagsView.swift in Sources */,
				E563D54E2B8DCFCA0029A472 /* MotivApp.swift in Sources */,
			);
			runOnlyForDeploymentPostprocessing = 0;
		};
/* End PBXSourcesBuildPhase section */

/* Begin XCBuildConfiguration section */
		E563D5562B8DCFCB0029A472 /* Debug */ = {
			isa = XCBuildConfiguration;
			buildSettings = {
				ALWAYS_SEARCH_USER_PATHS = NO;
				ASSETCATALOG_COMPILER_GENERATE_SWIFT_ASSET_SYMBOL_EXTENSIONS = YES;
				CLANG_ANALYZER_NONNULL = YES;
				CLANG_ANALYZER_NUMBER_OBJECT_CONVERSION = YES_AGGRESSIVE;
				CLANG_CXX_LANGUAGE_STANDARD = "gnu++20";
				CLANG_ENABLE_MODULES = YES;
				CLANG_ENABLE_OBJC_ARC = YES;
				CLANG_ENABLE_OBJC_WEAK = YES;
				CLANG_WARN_BLOCK_CAPTURE_AUTORELEASING = YES;
				CLANG_WARN_BOOL_CONVERSION = YES;
				CLANG_WARN_COMMA = YES;
				CLANG_WARN_CONSTANT_CONVERSION = YES;
				CLANG_WARN_DEPRECATED_OBJC_IMPLEMENTATIONS = YES;
				CLANG_WARN_DIRECT_OBJC_ISA_USAGE = YES_ERROR;
				CLANG_WARN_DOCUMENTATION_COMMENTS = YES;
				CLANG_WARN_EMPTY_BODY = YES;
				CLANG_WARN_ENUM_CONVERSION = YES;
				CLANG_WARN_INFINITE_RECURSION = YES;
				CLANG_WARN_INT_CONVERSION = YES;
				CLANG_WARN_NON_LITERAL_NULL_CONVERSION = YES;
				CLANG_WARN_OBJC_IMPLICIT_RETAIN_SELF = YES;
				CLANG_WARN_OBJC_LITERAL_CONVERSION = YES;
				CLANG_WARN_OBJC_ROOT_CLASS = YES_ERROR;
				CLANG_WARN_QUOTED_INCLUDE_IN_FRAMEWORK_HEADER = YES;
				CLANG_WARN_RANGE_LOOP_ANALYSIS = YES;
				CLANG_WARN_STRICT_PROTOTYPES = YES;
				CLANG_WARN_SUSPICIOUS_MOVE = YES;
				CLANG_WARN_UNGUARDED_AVAILABILITY = YES_AGGRESSIVE;
				CLANG_WARN_UNREACHABLE_CODE = YES;
				CLANG_WARN__DUPLICATE_METHOD_MATCH = YES;
				COPY_PHASE_STRIP = NO;
				DEBUG_INFORMATION_FORMAT = dwarf;
				ENABLE_STRICT_OBJC_MSGSEND = YES;
				ENABLE_TESTABILITY = YES;
				ENABLE_USER_SCRIPT_SANDBOXING = YES;
				GCC_C_LANGUAGE_STANDARD = gnu17;
				GCC_DYNAMIC_NO_PIC = NO;
				GCC_NO_COMMON_BLOCKS = YES;
				GCC_OPTIMIZATION_LEVEL = 0;
				GCC_PREPROCESSOR_DEFINITIONS = (
					"DEBUG=1",
					"$(inherited)",
				);
				GCC_WARN_64_TO_32_BIT_CONVERSION = YES;
				GCC_WARN_ABOUT_RETURN_TYPE = YES_ERROR;
				GCC_WARN_UNDECLARED_SELECTOR = YES;
				GCC_WARN_UNINITIALIZED_AUTOS = YES_AGGRESSIVE;
				GCC_WARN_UNUSED_FUNCTION = YES;
				GCC_WARN_UNUSED_VARIABLE = YES;
				IPHONEOS_DEPLOYMENT_TARGET = 17.2;
				LOCALIZATION_PREFERS_STRING_CATALOGS = YES;
				MTL_ENABLE_DEBUG_INFO = INCLUDE_SOURCE;
				MTL_FAST_MATH = YES;
				ONLY_ACTIVE_ARCH = YES;
				SDKROOT = iphoneos;
				SWIFT_ACTIVE_COMPILATION_CONDITIONS = "DEBUG $(inherited)";
				SWIFT_OPTIMIZATION_LEVEL = "-Onone";
			};
			name = Debug;
		};
		E563D5572B8DCFCB0029A472 /* Release */ = {
			isa = XCBuildConfiguration;
			buildSettings = {
				ALWAYS_SEARCH_USER_PATHS = NO;
				ASSETCATALOG_COMPILER_GENERATE_SWIFT_ASSET_SYMBOL_EXTENSIONS = YES;
				CLANG_ANALYZER_NONNULL = YES;
				CLANG_ANALYZER_NUMBER_OBJECT_CONVERSION = YES_AGGRESSIVE;
				CLANG_CXX_LANGUAGE_STANDARD = "gnu++20";
				CLANG_ENABLE_MODULES = YES;
				CLANG_ENABLE_OBJC_ARC = YES;
				CLANG_ENABLE_OBJC_WEAK = YES;
				CLANG_WARN_BLOCK_CAPTURE_AUTORELEASING = YES;
				CLANG_WARN_BOOL_CONVERSION = YES;
				CLANG_WARN_COMMA = YES;
				CLANG_WARN_CONSTANT_CONVERSION = YES;
				CLANG_WARN_DEPRECATED_OBJC_IMPLEMENTATIONS = YES;
				CLANG_WARN_DIRECT_OBJC_ISA_USAGE = YES_ERROR;
				CLANG_WARN_DOCUMENTATION_COMMENTS = YES;
				CLANG_WARN_EMPTY_BODY = YES;
				CLANG_WARN_ENUM_CONVERSION = YES;
				CLANG_WARN_INFINITE_RECURSION = YES;
				CLANG_WARN_INT_CONVERSION = YES;
				CLANG_WARN_NON_LITERAL_NULL_CONVERSION = YES;
				CLANG_WARN_OBJC_IMPLICIT_RETAIN_SELF = YES;
				CLANG_WARN_OBJC_LITERAL_CONVERSION = YES;
				CLANG_WARN_OBJC_ROOT_CLASS = YES_ERROR;
				CLANG_WARN_QUOTED_INCLUDE_IN_FRAMEWORK_HEADER = YES;
				CLANG_WARN_RANGE_LOOP_ANALYSIS = YES;
				CLANG_WARN_STRICT_PROTOTYPES = YES;
				CLANG_WARN_SUSPICIOUS_MOVE = YES;
				CLANG_WARN_UNGUARDED_AVAILABILITY = YES_AGGRESSIVE;
				CLANG_WARN_UNREACHABLE_CODE = YES;
				CLANG_WARN__DUPLICATE_METHOD_MATCH = YES;
				COPY_PHASE_STRIP = NO;
				DEBUG_INFORMATION_FORMAT = "dwarf-with-dsym";
				ENABLE_NS_ASSERTIONS = NO;
				ENABLE_STRICT_OBJC_MSGSEND = YES;
				ENABLE_USER_SCRIPT_SANDBOXING = YES;
				GCC_C_LANGUAGE_STANDARD = gnu17;
				GCC_NO_COMMON_BLOCKS = YES;
				GCC_WARN_64_TO_32_BIT_CONVERSION = YES;
				GCC_WARN_ABOUT_RETURN_TYPE = YES_ERROR;
				GCC_WARN_UNDECLARED_SELECTOR = YES;
				GCC_WARN_UNINITIALIZED_AUTOS = YES_AGGRESSIVE;
				GCC_WARN_UNUSED_FUNCTION = YES;
				GCC_WARN_UNUSED_VARIABLE = YES;
				IPHONEOS_DEPLOYMENT_TARGET = 17.2;
				LOCALIZATION_PREFERS_STRING_CATALOGS = YES;
				MTL_ENABLE_DEBUG_INFO = NO;
				MTL_FAST_MATH = YES;
				SDKROOT = iphoneos;
				SWIFT_COMPILATION_MODE = wholemodule;
				VALIDATE_PRODUCT = YES;
			};
			name = Release;
		};
		E563D5592B8DCFCB0029A472 /* Debug */ = {
			isa = XCBuildConfiguration;
			buildSettings = {
				ASSETCATALOG_COMPILER_APPICON_NAME = AppIcon;
				ASSETCATALOG_COMPILER_GLOBAL_ACCENT_COLOR_NAME = AccentColor;
				CODE_SIGN_STYLE = Automatic;
				CURRENT_PROJECT_VERSION = 1;
				DEVELOPMENT_ASSET_PATHS = "\"Motiv/Preview Content\"";
				DEVELOPMENT_TEAM = 95JTZ6AP78;
				ENABLE_PREVIEWS = YES;
				GENERATE_INFOPLIST_FILE = YES;
				INFOPLIST_KEY_UIApplicationSceneManifest_Generation = YES;
				INFOPLIST_KEY_UIApplicationSupportsIndirectInputEvents = YES;
				INFOPLIST_KEY_UILaunchScreen_Generation = YES;
				INFOPLIST_KEY_UISupportedInterfaceOrientations_iPad = "UIInterfaceOrientationPortrait UIInterfaceOrientationPortraitUpsideDown UIInterfaceOrientationLandscapeLeft UIInterfaceOrientationLandscapeRight";
				INFOPLIST_KEY_UISupportedInterfaceOrientations_iPhone = "UIInterfaceOrientationPortrait UIInterfaceOrientationLandscapeLeft UIInterfaceOrientationLandscapeRight";
				LD_RUNPATH_SEARCH_PATHS = (
					"$(inherited)",
					"@executable_path/Frameworks",
				);
				MARKETING_VERSION = 1.0;
				PRODUCT_BUNDLE_IDENTIFIER = eungcheol.Motiv;
				PRODUCT_NAME = "$(TARGET_NAME)";
				SWIFT_EMIT_LOC_STRINGS = YES;
				SWIFT_VERSION = 5.0;
				TARGETED_DEVICE_FAMILY = "1,2";
			};
			name = Debug;
		};
		E563D55A2B8DCFCB0029A472 /* Release */ = {
			isa = XCBuildConfiguration;
			buildSettings = {
				ASSETCATALOG_COMPILER_APPICON_NAME = AppIcon;
				ASSETCATALOG_COMPILER_GLOBAL_ACCENT_COLOR_NAME = AccentColor;
				CODE_SIGN_STYLE = Automatic;
				CURRENT_PROJECT_VERSION = 1;
				DEVELOPMENT_ASSET_PATHS = "\"Motiv/Preview Content\"";
				DEVELOPMENT_TEAM = 95JTZ6AP78;
				ENABLE_PREVIEWS = YES;
				GENERATE_INFOPLIST_FILE = YES;
				INFOPLIST_KEY_UIApplicationSceneManifest_Generation = YES;
				INFOPLIST_KEY_UIApplicationSupportsIndirectInputEvents = YES;
				INFOPLIST_KEY_UILaunchScreen_Generation = YES;
				INFOPLIST_KEY_UISupportedInterfaceOrientations_iPad = "UIInterfaceOrientationPortrait UIInterfaceOrientationPortraitUpsideDown UIInterfaceOrientationLandscapeLeft UIInterfaceOrientationLandscapeRight";
				INFOPLIST_KEY_UISupportedInterfaceOrientations_iPhone = "UIInterfaceOrientationPortrait UIInterfaceOrientationLandscapeLeft UIInterfaceOrientationLandscapeRight";
				LD_RUNPATH_SEARCH_PATHS = (
					"$(inherited)",
					"@executable_path/Frameworks",
				);
				MARKETING_VERSION = 1.0;
				PRODUCT_BUNDLE_IDENTIFIER = eungcheol.Motiv;
				PRODUCT_NAME = "$(TARGET_NAME)";
				SWIFT_EMIT_LOC_STRINGS = YES;
				SWIFT_VERSION = 5.0;
				TARGETED_DEVICE_FAMILY = "1,2";
			};
			name = Release;
		};
/* End XCBuildConfiguration section */

/* Begin XCConfigurationList section */
		E563D5452B8DCFCA0029A472 /* Build configuration list for PBXProject "Motiv" */ = {
			isa = XCConfigurationList;
			buildConfigurations = (
				E563D5562B8DCFCB0029A472 /* Debug */,
				E563D5572B8DCFCB0029A472 /* Release */,
			);
			defaultConfigurationIsVisible = 0;
			defaultConfigurationName = Release;
		};
		E563D5582B8DCFCB0029A472 /* Build configuration list for PBXNativeTarget "Motiv" */ = {
			isa = XCConfigurationList;
			buildConfigurations = (
				E563D5592B8DCFCB0029A472 /* Debug */,
				E563D55A2B8DCFCB0029A472 /* Release */,
			);
			defaultConfigurationIsVisible = 0;
			defaultConfigurationName = Release;
		};
/* End XCConfigurationList section */
	};
	rootObject = E563D5422B8DCFCA0029A472 /* Project object */;
}
